// !$*UTF8*$!
{
	archiveVersion = 1;
	classes = {
	};
	objectVersion = 52;
	objects = {

/* Begin PBXBuildFile section */
		4B673804252E178B00867993 /* MyAppApp.swift in Sources */ = {isa = PBXBuildFile; fileRef = 4B673803252E178B00867993 /* MyAppApp.swift */; };
		4B673806252E178B00867993 /* ContentView.swift in Sources */ = {isa = PBXBuildFile; fileRef = 4B673805252E178B00867993 /* ContentView.swift */; };
		4B673808252E178B00867993 /* Assets.xcassets in Resources */ = {isa = PBXBuildFile; fileRef = 4B673807252E178B00867993 /* Assets.xcassets */; };
		4B67380B252E178B00867993 /* Preview Assets.xcassets in Resources */ = {isa = PBXBuildFile; fileRef = 4B67380A252E178B00867993 /* Preview Assets.xcassets */; };
		4B673816252E178C00867993 /* MyAppTests.swift in Sources */ = {isa = PBXBuildFile; fileRef = 4B673815252E178C00867993 /* MyAppTests.swift */; };
		4B673821252E178C00867993 /* MyAppUITests.swift in Sources */ = {isa = PBXBuildFile; fileRef = 4B673820252E178C00867993 /* MyAppUITests.swift */; };
		4B67383F252E2DE500867993 /* ServiceStack in Frameworks */ = {isa = PBXBuildFile; productRef = 4B67383E252E2DE500867993 /* ServiceStack */; };
		4B673844252E315100867993 /* dtos.swift in Sources */ = {isa = PBXBuildFile; fileRef = 4B673843252E315100867993 /* dtos.swift */; };
/* End PBXBuildFile section */

/* Begin PBXContainerItemProxy section */
		4B673812252E178C00867993 /* PBXContainerItemProxy */ = {
			isa = PBXContainerItemProxy;
			containerPortal = 4B6737F8252E178B00867993 /* Project object */;
			proxyType = 1;
			remoteGlobalIDString = 4B6737FF252E178B00867993;
			remoteInfo = MyApp;
		};
		4B67381D252E178C00867993 /* PBXContainerItemProxy */ = {
			isa = PBXContainerItemProxy;
			containerPortal = 4B6737F8252E178B00867993 /* Project object */;
			proxyType = 1;
			remoteGlobalIDString = 4B6737FF252E178B00867993;
			remoteInfo = MyApp;
		};
/* End PBXContainerItemProxy section */

/* Begin PBXFileReference section */
		4B673800252E178B00867993 /* MyApp.app */ = {isa = PBXFileReference; explicitFileType = wrapper.application; includeInIndex = 0; path = MyApp.app; sourceTree = BUILT_PRODUCTS_DIR; };
		4B673803252E178B00867993 /* MyAppApp.swift */ = {isa = PBXFileReference; lastKnownFileType = sourcecode.swift; path = MyAppApp.swift; sourceTree = "<group>"; };
		4B673805252E178B00867993 /* ContentView.swift */ = {isa = PBXFileReference; lastKnownFileType = sourcecode.swift; path = ContentView.swift; sourceTree = "<group>"; };
		4B673807252E178B00867993 /* Assets.xcassets */ = {isa = PBXFileReference; lastKnownFileType = folder.assetcatalog; path = Assets.xcassets; sourceTree = "<group>"; };
		4B67380A252E178B00867993 /* Preview Assets.xcassets */ = {isa = PBXFileReference; lastKnownFileType = folder.assetcatalog; path = "Preview Assets.xcassets"; sourceTree = "<group>"; };
		4B67380C252E178B00867993 /* Info.plist */ = {isa = PBXFileReference; lastKnownFileType = text.plist.xml; path = Info.plist; sourceTree = "<group>"; };
		4B673811252E178C00867993 /* MyAppTests.xctest */ = {isa = PBXFileReference; explicitFileType = wrapper.cfbundle; includeInIndex = 0; path = MyAppTests.xctest; sourceTree = BUILT_PRODUCTS_DIR; };
		4B673815252E178C00867993 /* MyAppTests.swift */ = {isa = PBXFileReference; lastKnownFileType = sourcecode.swift; path = MyAppTests.swift; sourceTree = "<group>"; };
		4B673817252E178C00867993 /* Info.plist */ = {isa = PBXFileReference; lastKnownFileType = text.plist.xml; path = Info.plist; sourceTree = "<group>"; };
		4B67381C252E178C00867993 /* MyAppUITests.xctest */ = {isa = PBXFileReference; explicitFileType = wrapper.cfbundle; includeInIndex = 0; path = MyAppUITests.xctest; sourceTree = BUILT_PRODUCTS_DIR; };
		4B673820252E178C00867993 /* MyAppUITests.swift */ = {isa = PBXFileReference; lastKnownFileType = sourcecode.swift; path = MyAppUITests.swift; sourceTree = "<group>"; };
		4B673822252E178C00867993 /* Info.plist */ = {isa = PBXFileReference; lastKnownFileType = text.plist.xml; path = Info.plist; sourceTree = "<group>"; };
		4B673831252E180000867993 /* MyApp.entitlements */ = {isa = PBXFileReference; lastKnownFileType = text.plist.entitlements; path = MyApp.entitlements; sourceTree = "<group>"; };
		4B673843252E315100867993 /* dtos.swift */ = {isa = PBXFileReference; fileEncoding = 4; lastKnownFileType = sourcecode.swift; path = dtos.swift; sourceTree = "<group>"; };
/* End PBXFileReference section */

/* Begin PBXFrameworksBuildPhase section */
		4B6737FD252E178B00867993 /* Frameworks */ = {
			isa = PBXFrameworksBuildPhase;
			buildActionMask = 2147483647;
			files = (
				4B67383F252E2DE500867993 /* ServiceStack in Frameworks */,
			);
			runOnlyForDeploymentPostprocessing = 0;
		};
		4B67380E252E178C00867993 /* Frameworks */ = {
			isa = PBXFrameworksBuildPhase;
			buildActionMask = 2147483647;
			files = (
			);
			runOnlyForDeploymentPostprocessing = 0;
		};
		4B673819252E178C00867993 /* Frameworks */ = {
			isa = PBXFrameworksBuildPhase;
			buildActionMask = 2147483647;
			files = (
			);
			runOnlyForDeploymentPostprocessing = 0;
		};
/* End PBXFrameworksBuildPhase section */

/* Begin PBXGroup section */
		4B6737F7252E178B00867993 = {
			isa = PBXGroup;
			children = (
				4B673802252E178B00867993 /* MyApp */,
				4B673814252E178C00867993 /* MyAppTests */,
				4B67381F252E178C00867993 /* MyAppUITests */,
				4B673801252E178B00867993 /* Products */,
			);
			sourceTree = "<group>";
		};
		4B673801252E178B00867993 /* Products */ = {
			isa = PBXGroup;
			children = (
				4B673800252E178B00867993 /* MyApp.app */,
				4B673811252E178C00867993 /* MyAppTests.xctest */,
				4B67381C252E178C00867993 /* MyAppUITests.xctest */,
			);
			name = Products;
			sourceTree = "<group>";
		};
		4B673802252E178B00867993 /* MyApp */ = {
			isa = PBXGroup;
			children = (
				4B673843252E315100867993 /* dtos.swift */,
				4B673831252E180000867993 /* MyApp.entitlements */,
				4B673803252E178B00867993 /* MyAppApp.swift */,
				4B673805252E178B00867993 /* ContentView.swift */,
				4B673807252E178B00867993 /* Assets.xcassets */,
				4B67380C252E178B00867993 /* Info.plist */,
				4B673809252E178B00867993 /* Preview Content */,
			);
			path = MyApp;
			sourceTree = "<group>";
		};
		4B673809252E178B00867993 /* Preview Content */ = {
			isa = PBXGroup;
			children = (
				4B67380A252E178B00867993 /* Preview Assets.xcassets */,
			);
			path = "Preview Content";
			sourceTree = "<group>";
		};
		4B673814252E178C00867993 /* MyAppTests */ = {
			isa = PBXGroup;
			children = (
				4B673815252E178C00867993 /* MyAppTests.swift */,
				4B673817252E178C00867993 /* Info.plist */,
			);
			path = MyAppTests;
			sourceTree = "<group>";
		};
		4B67381F252E178C00867993 /* MyAppUITests */ = {
			isa = PBXGroup;
			children = (
				4B673820252E178C00867993 /* MyAppUITests.swift */,
				4B673822252E178C00867993 /* Info.plist */,
			);
			path = MyAppUITests;
			sourceTree = "<group>";
		};
/* End PBXGroup section */

/* Begin PBXNativeTarget section */
		4B6737FF252E178B00867993 /* MyApp */ = {
			isa = PBXNativeTarget;
			buildConfigurationList = 4B673825252E178C00867993 /* Build configuration list for PBXNativeTarget "MyApp" */;
			buildPhases = (
				4B6737FC252E178B00867993 /* Sources */,
				4B6737FD252E178B00867993 /* Frameworks */,
				4B6737FE252E178B00867993 /* Resources */,
			);
			buildRules = (
			);
			dependencies = (
			);
			name = MyApp;
			packageProductDependencies = (
				4B67383E252E2DE500867993 /* ServiceStack */,
			);
			productName = MyApp;
			productReference = 4B673800252E178B00867993 /* MyApp.app */;
			productType = "com.apple.product-type.application";
		};
		4B673810252E178C00867993 /* MyAppTests */ = {
			isa = PBXNativeTarget;
			buildConfigurationList = 4B673828252E178C00867993 /* Build configuration list for PBXNativeTarget "MyAppTests" */;
			buildPhases = (
				4B67380D252E178C00867993 /* Sources */,
				4B67380E252E178C00867993 /* Frameworks */,
				4B67380F252E178C00867993 /* Resources */,
			);
			buildRules = (
			);
			dependencies = (
				4B673813252E178C00867993 /* PBXTargetDependency */,
			);
			name = MyAppTests;
			productName = MyAppTests;
			productReference = 4B673811252E178C00867993 /* MyAppTests.xctest */;
			productType = "com.apple.product-type.bundle.unit-test";
		};
		4B67381B252E178C00867993 /* MyAppUITests */ = {
			isa = PBXNativeTarget;
			buildConfigurationList = 4B67382B252E178C00867993 /* Build configuration list for PBXNativeTarget "MyAppUITests" */;
			buildPhases = (
				4B673818252E178C00867993 /* Sources */,
				4B673819252E178C00867993 /* Frameworks */,
				4B67381A252E178C00867993 /* Resources */,
			);
			buildRules = (
			);
			dependencies = (
				4B67381E252E178C00867993 /* PBXTargetDependency */,
			);
			name = MyAppUITests;
			productName = MyAppUITests;
			productReference = 4B67381C252E178C00867993 /* MyAppUITests.xctest */;
			productType = "com.apple.product-type.bundle.ui-testing";
		};
/* End PBXNativeTarget section */

/* Begin PBXProject section */
		4B6737F8252E178B00867993 /* Project object */ = {
			isa = PBXProject;
			attributes = {
				LastSwiftUpdateCheck = 1200;
				LastUpgradeCheck = 1200;
				TargetAttributes = {
					4B6737FF252E178B00867993 = {
						CreatedOnToolsVersion = 12.0.1;
					};
					4B673810252E178C00867993 = {
						CreatedOnToolsVersion = 12.0.1;
						TestTargetID = 4B6737FF252E178B00867993;
					};
					4B67381B252E178C00867993 = {
						CreatedOnToolsVersion = 12.0.1;
						TestTargetID = 4B6737FF252E178B00867993;
					};
				};
			};
			buildConfigurationList = 4B6737FB252E178B00867993 /* Build configuration list for PBXProject "MyApp" */;
			compatibilityVersion = "Xcode 9.3";
			developmentRegion = en;
			hasScannedForEncodings = 0;
			knownRegions = (
				en,
				Base,
			);
			mainGroup = 4B6737F7252E178B00867993;
			packageReferences = (
				4B67383D252E2DE500867993 /* XCRemoteSwiftPackageReference "ServiceStack.Swift" */,
			);
			productRefGroup = 4B673801252E178B00867993 /* Products */;
			projectDirPath = "";
			projectRoot = "";
			targets = (
				4B6737FF252E178B00867993 /* MyApp */,
				4B673810252E178C00867993 /* MyAppTests */,
				4B67381B252E178C00867993 /* MyAppUITests */,
			);
		};
/* End PBXProject section */

/* Begin PBXResourcesBuildPhase section */
		4B6737FE252E178B00867993 /* Resources */ = {
			isa = PBXResourcesBuildPhase;
			buildActionMask = 2147483647;
			files = (
				4B67380B252E178B00867993 /* Preview Assets.xcassets in Resources */,
				4B673808252E178B00867993 /* Assets.xcassets in Resources */,
			);
			runOnlyForDeploymentPostprocessing = 0;
		};
		4B67380F252E178C00867993 /* Resources */ = {
			isa = PBXResourcesBuildPhase;
			buildActionMask = 2147483647;
			files = (
			);
			runOnlyForDeploymentPostprocessing = 0;
		};
		4B67381A252E178C00867993 /* Resources */ = {
			isa = PBXResourcesBuildPhase;
			buildActionMask = 2147483647;
			files = (
			);
			runOnlyForDeploymentPostprocessing = 0;
		};
/* End PBXResourcesBuildPhase section */

/* Begin PBXSourcesBuildPhase section */
		4B6737FC252E178B00867993 /* Sources */ = {
			isa = PBXSourcesBuildPhase;
			buildActionMask = 2147483647;
			files = (
				4B673806252E178B00867993 /* ContentView.swift in Sources */,
				4B673804252E178B00867993 /* MyAppApp.swift in Sources */,
				4B673844252E315100867993 /* dtos.swift in Sources */,
			);
			runOnlyForDeploymentPostprocessing = 0;
		};
		4B67380D252E178C00867993 /* Sources */ = {
			isa = PBXSourcesBuildPhase;
			buildActionMask = 2147483647;
			files = (
				4B673816252E178C00867993 /* MyAppTests.swift in Sources */,
			);
			runOnlyForDeploymentPostprocessing = 0;
		};
		4B673818252E178C00867993 /* Sources */ = {
			isa = PBXSourcesBuildPhase;
			buildActionMask = 2147483647;
			files = (
				4B673821252E178C00867993 /* MyAppUITests.swift in Sources */,
			);
			runOnlyForDeploymentPostprocessing = 0;
		};
/* End PBXSourcesBuildPhase section */

/* Begin PBXTargetDependency section */
		4B673813252E178C00867993 /* PBXTargetDependency */ = {
			isa = PBXTargetDependency;
			target = 4B6737FF252E178B00867993 /* MyApp */;
			targetProxy = 4B673812252E178C00867993 /* PBXContainerItemProxy */;
		};
		4B67381E252E178C00867993 /* PBXTargetDependency */ = {
			isa = PBXTargetDependency;
			target = 4B6737FF252E178B00867993 /* MyApp */;
			targetProxy = 4B67381D252E178C00867993 /* PBXContainerItemProxy */;
		};
/* End PBXTargetDependency section */

/* Begin XCBuildConfiguration section */
		4B673823252E178C00867993 /* Debug */ = {
			isa = XCBuildConfiguration;
			buildSettings = {
				ALWAYS_SEARCH_USER_PATHS = NO;
				CLANG_ANALYZER_NONNULL = YES;
				CLANG_ANALYZER_NUMBER_OBJECT_CONVERSION = YES_AGGRESSIVE;
				CLANG_CXX_LANGUAGE_STANDARD = "gnu++14";
				CLANG_CXX_LIBRARY = "libc++";
				CLANG_ENABLE_MODULES = YES;
				CLANG_ENABLE_OBJC_ARC = YES;
				CLANG_ENABLE_OBJC_WEAK = YES;
				CLANG_WARN_BLOCK_CAPTURE_AUTORELEASING = YES;
				CLANG_WARN_BOOL_CONVERSION = YES;
				CLANG_WARN_COMMA = YES;
				CLANG_WARN_CONSTANT_CONVERSION = YES;
				CLANG_WARN_DEPRECATED_OBJC_IMPLEMENTATIONS = YES;
				CLANG_WARN_DIRECT_OBJC_ISA_USAGE = YES_ERROR;
				CLANG_WARN_DOCUMENTATION_COMMENTS = YES;
				CLANG_WARN_EMPTY_BODY = YES;
				CLANG_WARN_ENUM_CONVERSION = YES;
				CLANG_WARN_INFINITE_RECURSION = YES;
				CLANG_WARN_INT_CONVERSION = YES;
				CLANG_WARN_NON_LITERAL_NULL_CONVERSION = YES;
				CLANG_WARN_OBJC_IMPLICIT_RETAIN_SELF = YES;
				CLANG_WARN_OBJC_LITERAL_CONVERSION = YES;
				CLANG_WARN_OBJC_ROOT_CLASS = YES_ERROR;
				CLANG_WARN_QUOTED_INCLUDE_IN_FRAMEWORK_HEADER = YES;
				CLANG_WARN_RANGE_LOOP_ANALYSIS = YES;
				CLANG_WARN_STRICT_PROTOTYPES = YES;
				CLANG_WARN_SUSPICIOUS_MOVE = YES;
				CLANG_WARN_UNGUARDED_AVAILABILITY = YES_AGGRESSIVE;
				CLANG_WARN_UNREACHABLE_CODE = YES;
				CLANG_WARN__DUPLICATE_METHOD_MATCH = YES;
				COPY_PHASE_STRIP = NO;
				DEBUG_INFORMATION_FORMAT = dwarf;
				ENABLE_STRICT_OBJC_MSGSEND = YES;
				ENABLE_TESTABILITY = YES;
				GCC_C_LANGUAGE_STANDARD = gnu11;
				GCC_DYNAMIC_NO_PIC = NO;
				GCC_NO_COMMON_BLOCKS = YES;
				GCC_OPTIMIZATION_LEVEL = 0;
				GCC_PREPROCESSOR_DEFINITIONS = (
					"DEBUG=1",
					"$(inherited)",
				);
				GCC_WARN_64_TO_32_BIT_CONVERSION = YES;
				GCC_WARN_ABOUT_RETURN_TYPE = YES_ERROR;
				GCC_WARN_UNDECLARED_SELECTOR = YES;
				GCC_WARN_UNINITIALIZED_AUTOS = YES_AGGRESSIVE;
				GCC_WARN_UNUSED_FUNCTION = YES;
				GCC_WARN_UNUSED_VARIABLE = YES;
				IPHONEOS_DEPLOYMENT_TARGET = 14.0;
				MTL_ENABLE_DEBUG_INFO = INCLUDE_SOURCE;
				MTL_FAST_MATH = YES;
				ONLY_ACTIVE_ARCH = YES;
				SDKROOT = iphoneos;
				SWIFT_ACTIVE_COMPILATION_CONDITIONS = DEBUG;
				SWIFT_OPTIMIZATION_LEVEL = "-Onone";
			};
			name = Debug;
		};
		4B673824252E178C00867993 /* Release */ = {
			isa = XCBuildConfiguration;
			buildSettings = {
				ALWAYS_SEARCH_USER_PATHS = NO;
				CLANG_ANALYZER_NONNULL = YES;
				CLANG_ANALYZER_NUMBER_OBJECT_CONVERSION = YES_AGGRESSIVE;
				CLANG_CXX_LANGUAGE_STANDARD = "gnu++14";
				CLANG_CXX_LIBRARY = "libc++";
				CLANG_ENABLE_MODULES = YES;
				CLANG_ENABLE_OBJC_ARC = YES;
				CLANG_ENABLE_OBJC_WEAK = YES;
				CLANG_WARN_BLOCK_CAPTURE_AUTORELEASING = YES;
				CLANG_WARN_BOOL_CONVERSION = YES;
				CLANG_WARN_COMMA = YES;
				CLANG_WARN_CONSTANT_CONVERSION = YES;
				CLANG_WARN_DEPRECATED_OBJC_IMPLEMENTATIONS = YES;
				CLANG_WARN_DIRECT_OBJC_ISA_USAGE = YES_ERROR;
				CLANG_WARN_DOCUMENTATION_COMMENTS = YES;
				CLANG_WARN_EMPTY_BODY = YES;
				CLANG_WARN_ENUM_CONVERSION = YES;
				CLANG_WARN_INFINITE_RECURSION = YES;
				CLANG_WARN_INT_CONVERSION = YES;
				CLANG_WARN_NON_LITERAL_NULL_CONVERSION = YES;
				CLANG_WARN_OBJC_IMPLICIT_RETAIN_SELF = YES;
				CLANG_WARN_OBJC_LITERAL_CONVERSION = YES;
				CLANG_WARN_OBJC_ROOT_CLASS = YES_ERROR;
				CLANG_WARN_QUOTED_INCLUDE_IN_FRAMEWORK_HEADER = YES;
				CLANG_WARN_RANGE_LOOP_ANALYSIS = YES;
				CLANG_WARN_STRICT_PROTOTYPES = YES;
				CLANG_WARN_SUSPICIOUS_MOVE = YES;
				CLANG_WARN_UNGUARDED_AVAILABILITY = YES_AGGRESSIVE;
				CLANG_WARN_UNREACHABLE_CODE = YES;
				CLANG_WARN__DUPLICATE_METHOD_MATCH = YES;
				COPY_PHASE_STRIP = NO;
				DEBUG_INFORMATION_FORMAT = "dwarf-with-dsym";
				ENABLE_NS_ASSERTIONS = NO;
				ENABLE_STRICT_OBJC_MSGSEND = YES;
				GCC_C_LANGUAGE_STANDARD = gnu11;
				GCC_NO_COMMON_BLOCKS = YES;
				GCC_WARN_64_TO_32_BIT_CONVERSION = YES;
				GCC_WARN_ABOUT_RETURN_TYPE = YES_ERROR;
				GCC_WARN_UNDECLARED_SELECTOR = YES;
				GCC_WARN_UNINITIALIZED_AUTOS = YES_AGGRESSIVE;
				GCC_WARN_UNUSED_FUNCTION = YES;
				GCC_WARN_UNUSED_VARIABLE = YES;
				IPHONEOS_DEPLOYMENT_TARGET = 14.0;
				MTL_ENABLE_DEBUG_INFO = NO;
				MTL_FAST_MATH = YES;
				SDKROOT = iphoneos;
				SWIFT_COMPILATION_MODE = wholemodule;
				SWIFT_OPTIMIZATION_LEVEL = "-O";
				VALIDATE_PRODUCT = YES;
			};
			name = Release;
		};
		4B673826252E178C00867993 /* Debug */ = {
			isa = XCBuildConfiguration;
			buildSettings = {
				ASSETCATALOG_COMPILER_APPICON_NAME = AppIcon;
				ASSETCATALOG_COMPILER_GLOBAL_ACCENT_COLOR_NAME = AccentColor;
				CODE_SIGN_ENTITLEMENTS = MyApp/MyApp.entitlements;
				CODE_SIGN_STYLE = Automatic;
				DEVELOPMENT_ASSET_PATHS = "\"MyApp/Preview Content\"";
				DEVELOPMENT_TEAM = DK4VJ3YB24;
				ENABLE_PREVIEWS = YES;
				INFOPLIST_FILE = MyApp/Info.plist;
				IPHONEOS_DEPLOYMENT_TARGET = 14.0;
				LD_RUNPATH_SEARCH_PATHS = (
					"$(inherited)",
					"@executable_path/Frameworks",
				);
				PRODUCT_BUNDLE_IDENTIFIER = net.servicestack.MyApp;
				PRODUCT_NAME = "$(TARGET_NAME)";
				SWIFT_VERSION = 5.0;
				TARGETED_DEVICE_FAMILY = "1,2";
			};
			name = Debug;
		};
		4B673827252E178C00867993 /* Release */ = {
			isa = XCBuildConfiguration;
			buildSettings = {
				ASSETCATALOG_COMPILER_APPICON_NAME = AppIcon;
				ASSETCATALOG_COMPILER_GLOBAL_ACCENT_COLOR_NAME = AccentColor;
				CODE_SIGN_ENTITLEMENTS = MyApp/MyApp.entitlements;
				CODE_SIGN_STYLE = Automatic;
				DEVELOPMENT_ASSET_PATHS = "\"MyApp/Preview Content\"";
				DEVELOPMENT_TEAM = DK4VJ3YB24;
				ENABLE_PREVIEWS = YES;
				INFOPLIST_FILE = MyApp/Info.plist;
				IPHONEOS_DEPLOYMENT_TARGET = 14.0;
				LD_RUNPATH_SEARCH_PATHS = (
					"$(inherited)",
					"@executable_path/Frameworks",
				);
				PRODUCT_BUNDLE_IDENTIFIER = net.servicestack.MyApp;
				PRODUCT_NAME = "$(TARGET_NAME)";
				SWIFT_VERSION = 5.0;
				TARGETED_DEVICE_FAMILY = "1,2";
			};
			name = Release;
		};
		4B673829252E178C00867993 /* Debug */ = {
			isa = XCBuildConfiguration;
			buildSettings = {
				ALWAYS_EMBED_SWIFT_STANDARD_LIBRARIES = YES;
				BUNDLE_LOADER = "$(TEST_HOST)";
				CODE_SIGN_STYLE = Automatic;
				DEVELOPMENT_TEAM = DK4VJ3YB24;
				INFOPLIST_FILE = MyAppTests/Info.plist;
				IPHONEOS_DEPLOYMENT_TARGET = 14.0;
				LD_RUNPATH_SEARCH_PATHS = (
					"$(inherited)",
					"@executable_path/Frameworks",
					"@loader_path/Frameworks",
				);
				PRODUCT_BUNDLE_IDENTIFIER = net.servicestack.MyAppTests;
				PRODUCT_NAME = "$(TARGET_NAME)";
				SWIFT_VERSION = 5.0;
				TARGETED_DEVICE_FAMILY = "1,2";
				TEST_HOST = "$(BUILT_PRODUCTS_DIR)/MyApp.app/MyApp";
			};
			name = Debug;
		};
		4B67382A252E178C00867993 /* Release */ = {
			isa = XCBuildConfiguration;
			buildSettings = {
				ALWAYS_EMBED_SWIFT_STANDARD_LIBRARIES = YES;
				BUNDLE_LOADER = "$(TEST_HOST)";
				CODE_SIGN_STYLE = Automatic;
				DEVELOPMENT_TEAM = DK4VJ3YB24;
				INFOPLIST_FILE = MyAppTests/Info.plist;
				IPHONEOS_DEPLOYMENT_TARGET = 14.0;
				LD_RUNPATH_SEARCH_PATHS = (
					"$(inherited)",
					"@executable_path/Frameworks",
					"@loader_path/Frameworks",
				);
				PRODUCT_BUNDLE_IDENTIFIER = net.servicestack.MyAppTests;
				PRODUCT_NAME = "$(TARGET_NAME)";
				SWIFT_VERSION = 5.0;
				TARGETED_DEVICE_FAMILY = "1,2";
				TEST_HOST = "$(BUILT_PRODUCTS_DIR)/MyApp.app/MyApp";
			};
			name = Release;
		};
		4B67382C252E178C00867993 /* Debug */ = {
			isa = XCBuildConfiguration;
			buildSettings = {
				ALWAYS_EMBED_SWIFT_STANDARD_LIBRARIES = YES;
				CODE_SIGN_STYLE = Automatic;
				DEVELOPMENT_TEAM = DK4VJ3YB24;
				INFOPLIST_FILE = MyAppUITests/Info.plist;
				LD_RUNPATH_SEARCH_PATHS = (
					"$(inherited)",
					"@executable_path/Frameworks",
					"@loader_path/Frameworks",
				);
				PRODUCT_BUNDLE_IDENTIFIER = net.servicestack.MyAppUITests;
				PRODUCT_NAME = "$(TARGET_NAME)";
				SWIFT_VERSION = 5.0;
				TARGETED_DEVICE_FAMILY = "1,2";
				TEST_TARGET_NAME = MyApp;
			};
			name = Debug;
		};
		4B67382D252E178C00867993 /* Release */ = {
			isa = XCBuildConfiguration;
			buildSettings = {
				ALWAYS_EMBED_SWIFT_STANDARD_LIBRARIES = YES;
				CODE_SIGN_STYLE = Automatic;
				DEVELOPMENT_TEAM = DK4VJ3YB24;
				INFOPLIST_FILE = MyAppUITests/Info.plist;
				LD_RUNPATH_SEARCH_PATHS = (
					"$(inherited)",
					"@executable_path/Frameworks",
					"@loader_path/Frameworks",
				);
				PRODUCT_BUNDLE_IDENTIFIER = net.servicestack.MyAppUITests;
				PRODUCT_NAME = "$(TARGET_NAME)";
				SWIFT_VERSION = 5.0;
				TARGETED_DEVICE_FAMILY = "1,2";
				TEST_TARGET_NAME = MyApp;
			};
			name = Release;
		};
/* End XCBuildConfiguration section */

/* Begin XCConfigurationList section */
		4B6737FB252E178B00867993 /* Build configuration list for PBXProject "MyApp" */ = {
			isa = XCConfigurationList;
			buildConfigurations = (
				4B673823252E178C00867993 /* Debug */,
				4B673824252E178C00867993 /* Release */,
			);
			defaultConfigurationIsVisible = 0;
			defaultConfigurationName = Release;
		};
		4B673825252E178C00867993 /* Build configuration list for PBXNativeTarget "MyApp" */ = {
			isa = XCConfigurationList;
			buildConfigurations = (
				4B673826252E178C00867993 /* Debug */,
				4B673827252E178C00867993 /* Release */,
			);
			defaultConfigurationIsVisible = 0;
			defaultConfigurationName = Release;
		};
		4B673828252E178C00867993 /* Build configuration list for PBXNativeTarget "MyAppTests" */ = {
			isa = XCConfigurationList;
			buildConfigurations = (
				4B673829252E178C00867993 /* Debug */,
				4B67382A252E178C00867993 /* Release */,
			);
			defaultConfigurationIsVisible = 0;
			defaultConfigurationName = Release;
		};
		4B67382B252E178C00867993 /* Build configuration list for PBXNativeTarget "MyAppUITests" */ = {
			isa = XCConfigurationList;
			buildConfigurations = (
				4B67382C252E178C00867993 /* Debug */,
				4B67382D252E178C00867993 /* Release */,
			);
			defaultConfigurationIsVisible = 0;
			defaultConfigurationName = Release;
		};
/* End XCConfigurationList section */

/* Begin XCRemoteSwiftPackageReference section */
		4B67383D252E2DE500867993 /* XCRemoteSwiftPackageReference "ServiceStack.Swift" */ = {
			isa = XCRemoteSwiftPackageReference;
			repositoryURL = "https://github.com/ServiceStack/ServiceStack.Swift.git";
			requirement = {
				kind = upToNextMajorVersion;
				minimumVersion = 1.1.2;
			};
		};
/* End XCRemoteSwiftPackageReference section */

/* Begin XCSwiftPackageProductDependency section */
		4B67383E252E2DE500867993 /* ServiceStack */ = {
			isa = XCSwiftPackageProductDependency;
			package = 4B67383D252E2DE500867993 /* XCRemoteSwiftPackageReference "ServiceStack.Swift" */;
			productName = ServiceStack;
		};
/* End XCSwiftPackageProductDependency section */
	};
	rootObject = 4B6737F8252E178B00867993 /* Project object */;
}
